{
  "version": 4,
  "terraform_version": "0.12.29",
  "serial": 19,
  "lineage": "cfebeb41-d4ad-5b8c-78c9-b67a267ae7cd",
  "outputs": {},
  "resources": [
    {
      "mode": "data",
      "type": "ibm_container_cluster_config",
      "name": "cluster",
      "provider": "provider.ibm",
      "instances": [
        {
          "schema_version": 0,
          "attributes": {
            "account_guid": null,
            "admin": true,
            "admin_certificate": "-----BEGIN CERTIFICATE-----\nMIIDtTCCAp2gAwIBAgIUW2beCKp9/7aiYBroHfZooiKN45IwDQYJKoZIhvcNAQEL\nBQAwODE2MDQGA1UEAxMtYnU4NmY2a2wwbm5jZXBnM29oM2cta3ViZXJuZXRlcy1j\nYS0xNjAzMjk5Mjk3MB4XDTIwMTAyMTE2NTEwMFoXDTIzMDEyNDE2NTEwMFowcDEL\nMAkGA1UEBhMCVVMxFjAUBgNVBAgTDVNhbiBGcmFuY2lzY28xCzAJBgNVBAcTAkNB\nMRcwFQYDVQQKEw5zeXN0ZW06bWFzdGVyczEjMCEGA1UEAxMaYnU4NmY2a2wwbm5j\nZXBnM29oM2ctYWRtaW4wggEiMA0GCSqGSIb3DQEBAQUAA4IBDwAwggEKAoIBAQDZ\nfOcrJf7Y5o34XL/aD1WGjoWw0KEDqjrw8JVh5vbixEW6RfTik0tAiXJNxKyb1rVQ\n53teS9xPs4HBvmQ6uQCpqIdsk1DqzLyY+Jq8iRhEYH0fyFMI5bH5tH/YPUQSAJsT\nj9mXaCZmiL563YZDHyTU8qNcjJw82F3nGGfBXfyP7HHL0+gy5TUITldbPfvESBbN\nX/7YJtTP7ODUsWnXGdAT4OS7JF2dtkJtFi2/Qt8ZjsmNAAGgiQCJskTy0ESRiGut\neFzT0aCrR0gAqceP5Mjsvekbi/Qfcgi3hiTplDTrqlQv69PngF90VKU3CnmRjzz/\nD5Whtn1mcGQh2D0+blUZAgMBAAGjfzB9MA4GA1UdDwEB/wQEAwIFoDAdBgNVHSUE\nFjAUBggrBgEFBQcDAQYIKwYBBQUHAwIwDAYDVR0TAQH/BAIwADAdBgNVHQ4EFgQU\nOTQfxVwd+B2xgDbxe82WGldhPc8wHwYDVR0jBBgwFoAU78WCFoLJEDG7yyHDYCr1\nL6KB4HIwDQYJKoZIhvcNAQELBQADggEBAJNw1FdYnKzHgWYbynXmtPqiRKd6qjr2\nXx2OfNxRp+rqfDr5ljk3PZV4/hCZdI1j20dBxSyAuDlCY7fcWdlvNbND0UhwsjRr\nJfAm+tlNJijbRtgWNmGpHIlrF+Ws5J2+KTNMHdRg23rurzG5QxcwJNmBmSsGNCbO\nGyHkJoP28dlBPAo/iV23viN7+rFHEva60FguGrRvwlvyrfzuGLEjAPjV0EdURhiB\njGODZohs3twWHSYMr6QGoqBg9wkYpHW8YBaerBuqRv3FEygj/iMJ5dAXejTX0SDk\n1FKOyAKisOCySB02D1dh4lmqJpiXox8506NeLk5+j+LvkXzvuF3Whl0=\n-----END CERTIFICATE-----\n-----BEGIN CERTIFICATE-----\nMIIDQjCCAiqgAwIBAgIUOIw6iD3tY0mY01VV0TkFLGHvREgwDQYJKoZIhvcNAQEL\nBQAwODE2MDQGA1UEAxMtYnU4NmY2a2wwbm5jZXBnM29oM2cta3ViZXJuZXRlcy1j\nYS0xNjAzMjk5Mjk3MCAXDTIwMTAyMTE2NTAwMFoYDzIwNTAxMDE0MTY1MDAwWjA4\nMTYwNAYDVQQDEy1idTg2ZjZrbDBubmNlcGczb2gzZy1rdWJlcm5ldGVzLWNhLTE2\nMDMyOTkyOTcwggEiMA0GCSqGSIb3DQEBAQUAA4IBDwAwggEKAoIBAQC3vkLJKHmC\nz3kcxnUQd6jLkUBYjIyu3XkgKNBOPKjH+YfxR2LvHj/JIWVddGe8rmv8NZyWTAwW\nW3sbU4+JehTS5QZrUmCHtfzyu5UUMX/mnAX5Sy6aBEIRUJwX130BjTUX2b+rdnOh\nQA66Vth/dxpl1KRkmsNrhwfVkbabwWIVKpoMn9b92vZJgsaxS56V5UbUT1hEgnQh\nbpF6E/xNcL2xLanJSC+YGAjhaNiw4ioft+3NxOpAWU3X7s1SoGMmXbMIqYM9i8qh\nG99ZoiNkzcy4YhApT91nPOIPeD0mkJi26IodelOwg9se7a1Qpt8YGL3U5muIOmbD\ndPsdeqxnfeyzAgMBAAGjQjBAMA4GA1UdDwEB/wQEAwIBhjAPBgNVHRMBAf8EBTAD\nAQH/MB0GA1UdDgQWBBTvxYIWgskQMbvLIcNgKvUvooHgcjANBgkqhkiG9w0BAQsF\nAAOCAQEAPAlzfSP5X+IXCUCLpG7bAAva19qTed8DxtHACBrtccphCJuAd8aqiQLq\nsdfNNpZnhRB2d8b1ut6fpgfz1UBejfLsctxIP/DZWMm2N4KF27koiPF2FT08gARo\nYZFadtfHTyxFzBK9gTPmB1ueYCGS2HqW66X4Psyl+SW58bCrVYRrlMKzNYB8JhQq\nyR0JegJpB4e6ahUYZfs8SxoZFoNrOes7nve7xLmWZRWoP06EAhBy0FTSm9whdr9g\nZL6IjKM1CYm/OWea9hmDmySAievnUAKkqFZXWYwgDG+q8weXsyiW9j8HdKrnKVgy\nVXmG40xjawGh1rWjdPwRvSKLIQJ7BA==\n-----END CERTIFICATE-----\n",
            "admin_key": "-----BEGIN RSA PRIVATE KEY-----\nMIIEpAIBAAKCAQEA2XznKyX+2OaN+Fy/2g9Vho6FsNChA6o68PCVYeb24sRFukX0\n4pNLQIlyTcSsm9a1UOd7XkvcT7OBwb5kOrkAqaiHbJNQ6sy8mPiavIkYRGB9H8hT\nCOWx+bR/2D1EEgCbE4/Zl2gmZoi+et2GQx8k1PKjXIycPNhd5xhnwV38j+xxy9Po\nMuU1CE5XWz37xEgWzV/+2CbUz+zg1LFp1xnQE+DkuyRdnbZCbRYtv0LfGY7JjQAB\noIkAibJE8tBEkYhrrXhc09Ggq0dIAKnHj+TI7L3pG4v0H3IIt4Yk6ZQ066pUL+vT\n54BfdFSlNwp5kY88/w+VobZ9ZnBkIdg9Pm5VGQIDAQABAoIBAQCJEqC74Cmb2MuX\nwhUkwU9dDAyUoRkqLysQ2gC8gI4P5DYyLY8nEkB2f2osO42ydoM2Z36ostU64l8g\nlfejzx/szgv0UXDJW5puKxmTRDCoP8v8sQwsamBeifWdexeg5QLYNGymcXzqWLr8\nwwuw2Dslf3uYhAKgkpm0YfxasfrRVcErqj2bRWWV72xQ2lW6mLgFfLIpF/rNQKni\nvsDb+Pbd47ib4H7T86Du3Uc4BCCoDDRQVGjOlGS4hZxZzFESiqpHWh7GvOimjLpo\nhvBu/nVhgO4evuYWUTHWl1BqT4Y+2GnmvspLjZ2ffWis9TdprXCPC2Gpgy3fprlN\nmbU4B9iBAoGBAP4/7jucaC49CH3IqbCXrMHZVMQhVrRouclfqh9DrBtabROi+va4\nbWmDBXLF5mvh8FD/8mPr8esu45jid3BhoDqICsRlYnKN7uc+w03I605a3NgPCPri\nxPi/AIQL767StYvJ0Efr4Rl6BDpVlYDX27UPx92A4IOK6wSvWrZImv+RAoGBANr8\nL7FZzK53mKnN8A+SCYGZ18cFaZ8yOvZD8bTzTBJOTR7vXGlg0POfry0xAk4dvOZc\nOPM/W4unEB2OLT2U4H7US+WwE73bd2xIo2QXcPH4e1UEE4gzRBoLJTpRwj64q1jA\nMcpa+2V0q7wc6b3yNrZMIstqnYrsl5tnF6+k60kJAoGAfPVKzz117pPMopWG4OYK\n4FNCWArSpGR8Oz6rTCZkZiUxSt9lXPETxTHB8cDWGNu40vaYWQfTpHUtIyza6v7w\nUxQdxpzVn9umOT0dnBNNovsBY6cwEK53hJHLXRrIuDGTTJrppQ+HWJAhl9IMYoC0\n2O5imrkGn2AdVfYhLUnN9CECgYEAxarADjGF3bJc3mHjINrss8y/homvNqErseHQ\ny0qWTyvY12SuoPxggJiSkpNbhlG3kqSKT5/QLbYGiPcuhRjer/1H6TPQDh+No/PJ\ncO7r568o/KuqSdYk0fFfkE3+rYkaOgl6qDMKHCF9Z1cd8nQxyMne2okJXj6D9yXO\nrqCKNakCgYAB/6YCcAEaiQNKTJZLDwhZ3UtRfzNBfKGqP70MZXhB4OIlrbNMXcL0\ngk5b4XRuzWBkxsLabx51PlXgyY+7r+BipjQMLFbpJG/kEQdPUnrxwwW9H6arU3KN\nnQtZz22q6LZAMoazOINCURIRZ+gevDShcOpAX7soGMzkLIUZ3wl+XQ==\n-----END RSA PRIVATE KEY-----\n",
            "ca_certificate": "-----BEGIN CERTIFICATE-----\nMIIDQDCCAiigAwIBAgIUBfIG3BzwHdYEDPPdg5qSAR8+lG8wDQYJKoZIhvcNAQEL\nBQAwODE2MDQGA1UEAxMtYnU4NmY2a2wwbm5jZXBnM29oM2cta3ViZXJuZXRlcy1j\nYS0xNjAzMjk5Mjk3MB4XDTIwMTAyMTE2NTAwMFoXDTI1MTAyMDE2NTAwMFowODE2\nMDQGA1UEAxMtYnU4NmY2a2wwbm5jZXBnM29oM2cta3ViZXJuZXRlcy1jYS0xNjAz\nMjk5Mjk3MIIBIjANBgkqhkiG9w0BAQEFAAOCAQ8AMIIBCgKCAQEAt75CySh5gs95\nHMZ1EHeoy5FAWIyMrt15ICjQTjyox/mH8Udi7x4/ySFlXXRnvK5r/DWclkwMFlt7\nG1OPiXoU0uUGa1Jgh7X88ruVFDF/5pwF+UsumgRCEVCcF9d9AY01F9m/q3ZzoUAO\nulbYf3caZdSkZJrDa4cH1ZG2m8FiFSqaDJ/W/dr2SYLGsUueleVG1E9YRIJ0IW6R\nehP8TXC9sS2pyUgvmBgI4WjYsOIqH7ftzcTqQFlN1+7NUqBjJl2zCKmDPYvKoRvf\nWaIjZM3MuGIQKU/dZzziD3g9JpCYtuiKHXpTsIPbHu2tUKbfGBi91OZriDpmw3T7\nHXqsZ33sswIDAQABo0IwQDAOBgNVHQ8BAf8EBAMCAQYwDwYDVR0TAQH/BAUwAwEB\n/zAdBgNVHQ4EFgQU78WCFoLJEDG7yyHDYCr1L6KB4HIwDQYJKoZIhvcNAQELBQAD\nggEBAFBrmZ2hiX+lWwhEWXcjtUMrLamPQHOrq9N84Asa6BoZ4KkoGcUu7Iy209jz\nrOhmz/yTQev7Vq0cgy+Iwv23N07hhRb6qTM1h7eJELjF0/MsDw2pi8Zb76qt7+ei\nPqxT6ffp8WQRPtivfm46zr7Wt693KwLEysH0sXljdo/RRBd7LquFhpcs8eRGlrew\niFGPVqVfFVWS87JFEdpCfj+EElol2fKi1I4XUzCJp6QeKlasJ7JyTIBrb0T/iT8g\nxUGeIaIak11pgEyQOH+ExRDKYHA2xXMjixHIrMfuhLr3grz0vqgHs8P04WeFra0L\nAsiNYgtpeHDDEtZpKICzsK9Av+I=\n-----END CERTIFICATE-----\n-----BEGIN CERTIFICATE-----\nMIIDQjCCAiqgAwIBAgIUcBy5iLn0yO4aDPzZGaUFdVc7bvYwDQYJKoZIhvcNAQEL\nBQAwODE2MDQGA1UEAxMtYnU4NmY2a2wwbm5jZXBnM29oM2cta3ViZXJuZXRlcy1j\nYS0xNjAzMjk5Mjk3MCAXDTIwMTAyMTE2NTAwMFoYDzIwNTAxMDE0MTY1MDAwWjA4\nMTYwNAYDVQQDEy1idTg2ZjZrbDBubmNlcGczb2gzZy1rdWJlcm5ldGVzLWNhLTE2\nMDMyOTkyOTcwggEiMA0GCSqGSIb3DQEBAQUAA4IBDwAwggEKAoIBAQC3vkLJKHmC\nz3kcxnUQd6jLkUBYjIyu3XkgKNBOPKjH+YfxR2LvHj/JIWVddGe8rmv8NZyWTAwW\nW3sbU4+JehTS5QZrUmCHtfzyu5UUMX/mnAX5Sy6aBEIRUJwX130BjTUX2b+rdnOh\nQA66Vth/dxpl1KRkmsNrhwfVkbabwWIVKpoMn9b92vZJgsaxS56V5UbUT1hEgnQh\nbpF6E/xNcL2xLanJSC+YGAjhaNiw4ioft+3NxOpAWU3X7s1SoGMmXbMIqYM9i8qh\nG99ZoiNkzcy4YhApT91nPOIPeD0mkJi26IodelOwg9se7a1Qpt8YGL3U5muIOmbD\ndPsdeqxnfeyzAgMBAAGjQjBAMA4GA1UdDwEB/wQEAwIBhjAPBgNVHRMBAf8EBTAD\nAQH/MB0GA1UdDgQWBBTvxYIWgskQMbvLIcNgKvUvooHgcjANBgkqhkiG9w0BAQsF\nAAOCAQEAHx4Rl1emXgMAKcyGPZ1ibsOip/WLsD2P9DHHXY2/ZNvs204iaSxuQ0Ud\n0rXzOfK0jgFkb60f+ZseZeGTmjxX6u0objM2yCuAiWstugKlVPd7QPUmyDofFI1c\n+F72RJ4RdlggCEuNFb+EdcaYeYZ0GBNmYmC2NvCmJyCfQsA746bPN1kd0ZjCsE3V\n8Wf1SLOyozDPJpsvpjCRX3pp35EQ6zVJpSK4iXbWPI165i/FIz0zrKICC9LNsqAE\noTFKD/grwKAsqyzLNXKyufxbLLxsQ0kntAM+xQehZGEngOlNcyMZuRTxZ5YykkEC\n+JJWGLhZo2WqR+/IFDR10F5X9rorfg==\n-----END CERTIFICATE-----\n-----BEGIN CERTIFICATE-----\nMIIDQDCCAiigAwIBAgIUBfIG3BzwHdYEDPPdg5qSAR8+lG8wDQYJKoZIhvcNAQEL\nBQAwODE2MDQGA1UEAxMtYnU4NmY2a2wwbm5jZXBnM29oM2cta3ViZXJuZXRlcy1j\nYS0xNjAzMjk5Mjk3MB4XDTIwMTAyMTE2NTAwMFoXDTI1MTAyMDE2NTAwMFowODE2\nMDQGA1UEAxMtYnU4NmY2a2wwbm5jZXBnM29oM2cta3ViZXJuZXRlcy1jYS0xNjAz\nMjk5Mjk3MIIBIjANBgkqhkiG9w0BAQEFAAOCAQ8AMIIBCgKCAQEAt75CySh5gs95\nHMZ1EHeoy5FAWIyMrt15ICjQTjyox/mH8Udi7x4/ySFlXXRnvK5r/DWclkwMFlt7\nG1OPiXoU0uUGa1Jgh7X88ruVFDF/5pwF+UsumgRCEVCcF9d9AY01F9m/q3ZzoUAO\nulbYf3caZdSkZJrDa4cH1ZG2m8FiFSqaDJ/W/dr2SYLGsUueleVG1E9YRIJ0IW6R\nehP8TXC9sS2pyUgvmBgI4WjYsOIqH7ftzcTqQFlN1+7NUqBjJl2zCKmDPYvKoRvf\nWaIjZM3MuGIQKU/dZzziD3g9JpCYtuiKHXpTsIPbHu2tUKbfGBi91OZriDpmw3T7\nHXqsZ33sswIDAQABo0IwQDAOBgNVHQ8BAf8EBAMCAQYwDwYDVR0TAQH/BAUwAwEB\n/zAdBgNVHQ4EFgQU78WCFoLJEDG7yyHDYCr1L6KB4HIwDQYJKoZIhvcNAQELBQAD\nggEBAFBrmZ2hiX+lWwhEWXcjtUMrLamPQHOrq9N84Asa6BoZ4KkoGcUu7Iy209jz\nrOhmz/yTQev7Vq0cgy+Iwv23N07hhRb6qTM1h7eJELjF0/MsDw2pi8Zb76qt7+ei\nPqxT6ffp8WQRPtivfm46zr7Wt693KwLEysH0sXljdo/RRBd7LquFhpcs8eRGlrew\niFGPVqVfFVWS87JFEdpCfj+EElol2fKi1I4XUzCJp6QeKlasJ7JyTIBrb0T/iT8g\nxUGeIaIak11pgEyQOH+ExRDKYHA2xXMjixHIrMfuhLr3grz0vqgHs8P04WeFra0L\nAsiNYgtpeHDDEtZpKICzsK9Av+I=\n-----END CERTIFICATE-----\n-----BEGIN CERTIFICATE-----\nMIIDQjCCAiqgAwIBAgIUOIw6iD3tY0mY01VV0TkFLGHvREgwDQYJKoZIhvcNAQEL\nBQAwODE2MDQGA1UEAxMtYnU4NmY2a2wwbm5jZXBnM29oM2cta3ViZXJuZXRlcy1j\nYS0xNjAzMjk5Mjk3MCAXDTIwMTAyMTE2NTAwMFoYDzIwNTAxMDE0MTY1MDAwWjA4\nMTYwNAYDVQQDEy1idTg2ZjZrbDBubmNlcGczb2gzZy1rdWJlcm5ldGVzLWNhLTE2\nMDMyOTkyOTcwggEiMA0GCSqGSIb3DQEBAQUAA4IBDwAwggEKAoIBAQC3vkLJKHmC\nz3kcxnUQd6jLkUBYjIyu3XkgKNBOPKjH+YfxR2LvHj/JIWVddGe8rmv8NZyWTAwW\nW3sbU4+JehTS5QZrUmCHtfzyu5UUMX/mnAX5Sy6aBEIRUJwX130BjTUX2b+rdnOh\nQA66Vth/dxpl1KRkmsNrhwfVkbabwWIVKpoMn9b92vZJgsaxS56V5UbUT1hEgnQh\nbpF6E/xNcL2xLanJSC+YGAjhaNiw4ioft+3NxOpAWU3X7s1SoGMmXbMIqYM9i8qh\nG99ZoiNkzcy4YhApT91nPOIPeD0mkJi26IodelOwg9se7a1Qpt8YGL3U5muIOmbD\ndPsdeqxnfeyzAgMBAAGjQjBAMA4GA1UdDwEB/wQEAwIBhjAPBgNVHRMBAf8EBTAD\nAQH/MB0GA1UdDgQWBBTvxYIWgskQMbvLIcNgKvUvooHgcjANBgkqhkiG9w0BAQsF\nAAOCAQEAPAlzfSP5X+IXCUCLpG7bAAva19qTed8DxtHACBrtccphCJuAd8aqiQLq\nsdfNNpZnhRB2d8b1ut6fpgfz1UBejfLsctxIP/DZWMm2N4KF27koiPF2FT08gARo\nYZFadtfHTyxFzBK9gTPmB1ueYCGS2HqW66X4Psyl+SW58bCrVYRrlMKzNYB8JhQq\nyR0JegJpB4e6ahUYZfs8SxoZFoNrOes7nve7xLmWZRWoP06EAhBy0FTSm9whdr9g\nZL6IjKM1CYm/OWea9hmDmySAievnUAKkqFZXWYwgDG+q8weXsyiW9j8HdKrnKVgy\nVXmG40xjawGh1rWjdPwRvSKLIQJ7BA==\n-----END CERTIFICATE-----\n",
            "calico_config_file_path": null,
            "cluster_name_id": "thanos-iks-mzr-cluster",
            "config_dir": "/Users/chris/My Repos/Chris-GitHub/portworx-iks-on-vpc",
            "config_file_path": "/Users/chris/My Repos/Chris-GitHub/portworx-iks-on-vpc/c651bbcb3878ff67e8594461d044d117cf547f35_thanos-iks-mzr-cluster_admin_k8sconfig/config.yml",
            "download": true,
            "host": "https://c1.eu-gb.containers.cloud.ibm.com:21928",
            "id": "thanos-iks-mzr-cluster",
            "network": false,
            "org_guid": null,
            "region": null,
            "resource_group_id": "5fb03165e7fa4eff8553b3d268641858",
            "space_guid": null,
            "token": ""
          }
        }
      ]
    },
    {
      "mode": "data",
      "type": "ibm_container_vpc_cluster",
      "name": "cluster",
      "provider": "provider.ibm",
      "instances": [
        {
          "schema_version": 0,
          "attributes": {
            "alb_type": "all",
            "albs": [
              {
                "alb_type": "private",
                "disable_deployment": false,
                "enable": false,
                "id": "private-crbu86f6kl0nncepg3oh3g-alb1",
                "load_balancer_hostname": "",
                "name": "",
                "resize": false,
                "state": "disabled"
              },
              {
                "alb_type": "private",
                "disable_deployment": false,
                "enable": false,
                "id": "private-crbu86f6kl0nncepg3oh3g-alb2",
                "load_balancer_hostname": "",
                "name": "",
                "resize": false,
                "state": "disabled"
              },
              {
                "alb_type": "private",
                "disable_deployment": false,
                "enable": false,
                "id": "private-crbu86f6kl0nncepg3oh3g-alb3",
                "load_balancer_hostname": "",
                "name": "",
                "resize": false,
                "state": "disabled"
              },
              {
                "alb_type": "public",
                "disable_deployment": false,
                "enable": true,
                "id": "public-crbu86f6kl0nncepg3oh3g-alb1",
                "load_balancer_hostname": "a46769a1-eu-gb.lb.appdomain.cloud",
                "name": "",
                "resize": false,
                "state": "enabled"
              },
              {
                "alb_type": "public",
                "disable_deployment": false,
                "enable": true,
                "id": "public-crbu86f6kl0nncepg3oh3g-alb2",
                "load_balancer_hostname": "a46769a1-eu-gb.lb.appdomain.cloud",
                "name": "",
                "resize": false,
                "state": "enabled"
              },
              {
                "alb_type": "public",
                "disable_deployment": false,
                "enable": true,
                "id": "public-crbu86f6kl0nncepg3oh3g-alb3",
                "load_balancer_hostname": "a46769a1-eu-gb.lb.appdomain.cloud",
                "name": "",
                "resize": false,
                "state": "enabled"
              }
            ],
            "cluster_name_id": null,
            "crn": "crn:v1:bluemix:public:containers-kubernetes:eu-gb:a/cb632836143fe71e993e7c61d042c960:bu86f6kl0nncepg3oh3g::",
            "health": "normal",
            "id": "bu86f6kl0nncepg3oh3g",
            "ingress_hostname": "thanos-iks-mzr-cluster-e13d25e662c6baf5c0e233a293b36a11-0000.eu-gb.containers.appdomain.cloud",
            "ingress_secret": "thanos-iks-mzr-cluster-e13d25e662c6baf5c0e233a293b36a11-0000",
            "kube_version": "1.18.9",
            "master_url": "https://c1.eu-gb.containers.cloud.ibm.com:21928",
            "name": "thanos-iks-mzr-cluster",
            "private_service_endpoint": true,
            "private_service_endpoint_url": "https://c1.private.eu-gb.containers.cloud.ibm.com:21928",
            "public_service_endpoint": true,
            "public_service_endpoint_url": "https://c1.eu-gb.containers.cloud.ibm.com:21928",
            "resource_controller_url": "https://cloud.ibm.com/kubernetes/clusters",
            "resource_crn": "crn:v1:bluemix:public:containers-kubernetes:eu-gb:a/cb632836143fe71e993e7c61d042c960:bu86f6kl0nncepg3oh3g::",
            "resource_group_id": "5fb03165e7fa4eff8553b3d268641858",
            "resource_group_name": "sharedrg",
            "resource_name": "thanos-iks-mzr-cluster",
            "resource_status": "normal",
            "status": "Ready",
            "tags": null,
            "worker_count": 6,
            "worker_pools": [
              {
                "flavor": "bx2.4x16",
                "id": "bu86f6kl0nncepg3oh3g-1e4c54f",
                "isolation": "public",
                "labels": {
                  "ibm-cloud.kubernetes.io/worker-pool-id": "bu86f6kl0nncepg3oh3g-1e4c54f"
                },
                "name": "default",
                "state": "",
                "worker_count": 2,
                "zones": [
                  {
                    "subnets": [
                      {
                        "id": "0787-d2f7acd7-7fe3-4a99-8fe8-5e3685a5766e",
                        "primary": true
                      }
                    ],
                    "worker_count": 2,
                    "zone": "eu-gb-1"
                  },
                  {
                    "subnets": [
                      {
                        "id": "0797-0b8900d8-133f-4f12-9f73-681dc8f130bd",
                        "primary": true
                      }
                    ],
                    "worker_count": 2,
                    "zone": "eu-gb-2"
                  },
                  {
                    "subnets": [
                      {
                        "id": "07a7-0fabb086-fc93-4f01-a67b-b738137ecf19",
                        "primary": true
                      }
                    ],
                    "worker_count": 2,
                    "zone": "eu-gb-3"
                  }
                ]
              }
            ],
            "workers": [
              "kube-bu86f6kl0nncepg3oh3g-thanosiksmz-default-00000149",
              "kube-bu86f6kl0nncepg3oh3g-thanosiksmz-default-00000221",
              "kube-bu86f6kl0nncepg3oh3g-thanosiksmz-default-000003a9",
              "kube-bu86f6kl0nncepg3oh3g-thanosiksmz-default-00000483",
              "kube-bu86f6kl0nncepg3oh3g-thanosiksmz-default-00000592",
              "kube-bu86f6kl0nncepg3oh3g-thanosiksmz-default-0000065c"
            ]
          }
        }
      ]
    },
    {
      "mode": "data",
      "type": "ibm_container_vpc_cluster_worker",
      "name": "worker",
      "each": "list",
      "provider": "provider.ibm",
      "instances": [
        {
          "index_key": 0,
          "schema_version": 0,
          "attributes": {
            "cluster_name_id": "bu86f6kl0nncepg3oh3g",
            "flavor": "bx2.4x16",
            "id": "kube-bu86f6kl0nncepg3oh3g-thanosiksmz-default-00000149",
            "kube_version": "1.18.9_1530",
            "network_interfaces": [
              {
                "cidr": "10.10.0.0/24",
                "ip_address": "10.10.0.4",
                "subnet_id": "0787-d2f7acd7-7fe3-4a99-8fe8-5e3685a5766e"
              }
            ],
            "pool_id": "bu86f6kl0nncepg3oh3g-1e4c54f",
            "pool_name": "default",
            "resource_controller_url": "https://cloud.ibm.com/kubernetes/clusters",
            "resource_group_id": "5fb03165e7fa4eff8553b3d268641858",
            "state": "normal",
            "worker_id": "kube-bu86f6kl0nncepg3oh3g-thanosiksmz-default-00000149"
          }
        },
        {
          "index_key": 1,
          "schema_version": 0,
          "attributes": {
            "cluster_name_id": "bu86f6kl0nncepg3oh3g",
            "flavor": "bx2.4x16",
            "id": "kube-bu86f6kl0nncepg3oh3g-thanosiksmz-default-00000221",
            "kube_version": "1.18.9_1530",
            "network_interfaces": [
              {
                "cidr": "10.10.0.0/24",
                "ip_address": "10.10.0.5",
                "subnet_id": "0787-d2f7acd7-7fe3-4a99-8fe8-5e3685a5766e"
              }
            ],
            "pool_id": "bu86f6kl0nncepg3oh3g-1e4c54f",
            "pool_name": "default",
            "resource_controller_url": "https://cloud.ibm.com/kubernetes/clusters",
            "resource_group_id": "5fb03165e7fa4eff8553b3d268641858",
            "state": "normal",
            "worker_id": "kube-bu86f6kl0nncepg3oh3g-thanosiksmz-default-00000221"
          }
        },
        {
          "index_key": 2,
          "schema_version": 0,
          "attributes": {
            "cluster_name_id": "bu86f6kl0nncepg3oh3g",
            "flavor": "bx2.4x16",
            "id": "kube-bu86f6kl0nncepg3oh3g-thanosiksmz-default-000003a9",
            "kube_version": "1.18.9_1530",
            "network_interfaces": [
              {
                "cidr": "10.20.30.0/24",
                "ip_address": "10.20.30.5",
                "subnet_id": "07a7-0fabb086-fc93-4f01-a67b-b738137ecf19"
              }
            ],
            "pool_id": "bu86f6kl0nncepg3oh3g-1e4c54f",
            "pool_name": "default",
            "resource_controller_url": "https://cloud.ibm.com/kubernetes/clusters",
            "resource_group_id": "5fb03165e7fa4eff8553b3d268641858",
            "state": "normal",
            "worker_id": "kube-bu86f6kl0nncepg3oh3g-thanosiksmz-default-000003a9"
          }
        },
        {
          "index_key": 3,
          "schema_version": 0,
          "attributes": {
            "cluster_name_id": "bu86f6kl0nncepg3oh3g",
            "flavor": "bx2.4x16",
            "id": "kube-bu86f6kl0nncepg3oh3g-thanosiksmz-default-00000483",
            "kube_version": "1.18.9_1530",
            "network_interfaces": [
              {
                "cidr": "10.20.30.0/24",
                "ip_address": "10.20.30.4",
                "subnet_id": "07a7-0fabb086-fc93-4f01-a67b-b738137ecf19"
              }
            ],
            "pool_id": "bu86f6kl0nncepg3oh3g-1e4c54f",
            "pool_name": "default",
            "resource_controller_url": "https://cloud.ibm.com/kubernetes/clusters",
            "resource_group_id": "5fb03165e7fa4eff8553b3d268641858",
            "state": "normal",
            "worker_id": "kube-bu86f6kl0nncepg3oh3g-thanosiksmz-default-00000483"
          }
        },
        {
          "index_key": 4,
          "schema_version": 0,
          "attributes": {
            "cluster_name_id": "bu86f6kl0nncepg3oh3g",
            "flavor": "bx2.4x16",
            "id": "kube-bu86f6kl0nncepg3oh3g-thanosiksmz-default-00000592",
            "kube_version": "1.18.9_1530",
            "network_interfaces": [
              {
                "cidr": "10.10.20.0/24",
                "ip_address": "10.10.20.2",
                "subnet_id": "0797-0b8900d8-133f-4f12-9f73-681dc8f130bd"
              }
            ],
            "pool_id": "bu86f6kl0nncepg3oh3g-1e4c54f",
            "pool_name": "default",
            "resource_controller_url": "https://cloud.ibm.com/kubernetes/clusters",
            "resource_group_id": "5fb03165e7fa4eff8553b3d268641858",
            "state": "normal",
            "worker_id": "kube-bu86f6kl0nncepg3oh3g-thanosiksmz-default-00000592"
          }
        },
        {
          "index_key": 5,
          "schema_version": 0,
          "attributes": {
            "cluster_name_id": "bu86f6kl0nncepg3oh3g",
            "flavor": "bx2.4x16",
            "id": "kube-bu86f6kl0nncepg3oh3g-thanosiksmz-default-0000065c",
            "kube_version": "1.18.9_1530",
            "network_interfaces": [
              {
                "cidr": "10.10.20.0/24",
                "ip_address": "10.10.20.3",
                "subnet_id": "0797-0b8900d8-133f-4f12-9f73-681dc8f130bd"
              }
            ],
            "pool_id": "bu86f6kl0nncepg3oh3g-1e4c54f",
            "pool_name": "default",
            "resource_controller_url": "https://cloud.ibm.com/kubernetes/clusters",
            "resource_group_id": "5fb03165e7fa4eff8553b3d268641858",
            "state": "normal",
            "worker_id": "kube-bu86f6kl0nncepg3oh3g-thanosiksmz-default-0000065c"
          }
        }
      ]
    },
    {
      "mode": "data",
      "type": "ibm_iam_auth_token",
      "name": "token",
      "provider": "provider.ibm",
      "instances": [
        {
          "schema_version": 0,
          "attributes": {
            "iam_access_token": "Bearer eyJraWQiOiIyMDIwMDkyMjE4MzMiLCJhbGciOiJSUzI1NiJ9.eyJpYW1faWQiOiJJQk1pZC0wNjAwMDA0U0I1IiwiaWQiOiJJQk1pZC0wNjAwMDA0U0I1IiwicmVhbG1pZCI6IklCTWlkIiwianRpIjoiOWEwNmE3ODEtMmZmNi00YTUxLThkNmUtYjFiNTM5ZjYyNDhiIiwiaWRlbnRpZmllciI6IjA2MDAwMDRTQjUiLCJnaXZlbl9uYW1lIjoiS1JaWVNaVE9GIiwiZmFtaWx5X25hbWUiOiJSQUZBTFNLSSIsIm5hbWUiOiJLUlpZU1pUT0YgUkFGQUxTS0kiLCJlbWFpbCI6IktyenlzenRvZi5SYWZhbHNraUBwbC5pYm0uY29tIiwic3ViIjoiS3J6eXN6dG9mLlJhZmFsc2tpQHBsLmlibS5jb20iLCJhY2NvdW50Ijp7InZhbGlkIjp0cnVlLCJic3MiOiJjYjYzMjgzNjE0M2ZlNzFlOTkzZTdjNjFkMDQyYzk2MCIsImltc191c2VyX2lkIjoiNzk2NjQ5MCIsImZyb3plbiI6dHJ1ZSwiaW1zIjoiMjAxMzUxNCJ9LCJpYXQiOjE2MDMzMDMzNzYsImV4cCI6MTYwMzMwNjk3NiwiaXNzIjoiaHR0cHM6Ly9pYW0uY2xvdWQuaWJtLmNvbS9pZGVudGl0eSIsImdyYW50X3R5cGUiOiJ1cm46aWJtOnBhcmFtczpvYXV0aDpncmFudC10eXBlOmFwaWtleSIsInNjb3BlIjoiaWJtIG9wZW5pZCIsImNsaWVudF9pZCI6ImJ4IiwiYWNyIjoxLCJhbXIiOlsicHdkIl19.PwWjTkNsfV6t0-rBls3ZsF_TM0Og-y6pjmitVMo1pORXcas1EBy-FwLyWi7uXUTpnqowmrxeFzJ2hlzBs3TtcYhVMLvIV5oQMDrbJCqmJI_5bKhVjZPk3byn5sIsHuxp-CXcftKMjAzXghq5XicylFQ3oGAWefTxWfTZ5YDc9MQfTdY-k4mtYsa_9uMoH4yR-bpdmURvL0k1Kvc9_DLqUqZwEntRtRejSxD9ughPQR8ZnjKHtinEGoOl1darXwxJkp6zGcV8UZo3Plk90fqrskplm2-uJs9FOaE6GirLWSQsw32EOebCf1OAgna6ObMlnZxJ42Jg58v9kmXs4PhBig",
            "iam_refresh_token": "OKBfjxpPH-H2peVvZPbuQSyB9ZlEp-t7Xr5PpjYutannqJFr9qoDTQvhtLgNrcSeFZXgMt4UW5XwKI_f82xAsEUPx-cxpklnXTgCXpun4npG9btLzn8-vPw6xxD9n3tTlwIUhy3qi44TzczknFl46odlNmP97IKopSykpCl705W_mJjO5OCHe9Sn43Tx9p9k2xJosObhqOllbQ1IeFNqOpe8pjQeCD5W-ReKEGsZ1_WMkvffESkrMZ6G6fUPGFDLbYAuuaKaibwMK_G1WEvPGuBeyAEXw8UVcJ7jeoTu4RaCkBFaEbyDcEZy-p-2TfLhYLg6hqERTZKqHe3RdL_igEg1ekZHp6_iDbcXPIioGtgryQvzglxAnyyEpK-e8KINycY_lhzfmwxB00hE18ZuIZEHWaOsC620xA4SIKRKfzIJkLrUweEWS_ee_13X3t5LjEJ2ofTBxav9zMwAZSdI5VRs94sPiN1PWP-jK0NrZQuORH0J-0gn3AatzJPtiIfW44JtilrA8Kp756raXpn0cRbGfGKAdgTPfGukY_K_4EJUkfY2KR1mHwsR554ueJFN70MQQIGsCanE6PkkqvCl5mapIco19U7KRqgs37vwKG9TGFDx1sHuP317eFOfntBUXE64A3kk2Ex7pWW7DGR87_JRyjsdVEVA1YNsymi0Er6oyGNhFsQ7mcBbOCBR7j5sMLDiNMOa-4djDt07-ubmjPVwZFTZVQZef_loi0UUpbHTML6kQmUO_-qkdoP7dQ3h_fk3a-YlI4HE8irZu_zTT6H5uwjfFeedIqzFEiZta5WVvstXLT4EhSuq8sFoiRXePwVyDvdE4ywvOtLDylXRINl1EeqMkshK7P6VM7kN7l1TPJl64OvX6WiLuH0r89duh7Zn_Bec55C6NSKQb2XQZrHPlj8Zs0uAhIwDjc6_iPBEdbfb08KmP6E0LUwF-bJeVOdvQUyJKMKW6m7N6UG6zmcXU7RKigDOgFSgrYr7oPlW3HU0DK8L1M1LEfBKGf7vWsprIlwMAyd6ZSOJCkYeSgVh3fnAXmIQsV4siQLB1WITuVMzmOKKzv5clSXkoQHpSinvh6aLPuXIf4mJ2ZzAWpgGEQdbN3KLpulTckiUveO27VGktPDynTN0zaiMnSF-3oe2uFtruz-8wfZ_nB3TwUKK",
            "id": "2020-10-21 18:03:00.407438 +0000 UTC",
            "uaa_access_token": "bearer eyJhbGciOiJIUzI1NiIsImprdSI6Imh0dHBzOi8vdWFhLmV1LWdiLmNmLmNsb3VkLmlibS5jb20vdG9rZW5fa2V5cyIsImtpZCI6ImtleS0yIiwidHlwIjoiSldUIn0.eyJqdGkiOiJiYTE2NzY4NGJlM2I0YTY2YmZiMGJlNzNkOWZkODdmYyIsInN1YiI6ImMxODMzZGYzLWU5YjMtNDU3Zi1iNTNlLTNmYThmOTRkZWNiZiIsInNjb3BlIjpbIm9wZW5pZCIsIm5ldHdvcmsud3JpdGUiLCJ1YWEudXNlciIsImNsb3VkX2NvbnRyb2xsZXIucmVhZCIsInBhc3N3b3JkLndyaXRlIiwiY2xvdWRfY29udHJvbGxlci53cml0ZSIsIm5ldHdvcmsuYWRtaW4iXSwiY2xpZW50X2lkIjoiY2YiLCJjaWQiOiJjZiIsImF6cCI6ImNmIiwiZ3JhbnRfdHlwZSI6InBhc3N3b3JkIiwidXNlcl9pZCI6ImMxODMzZGYzLWU5YjMtNDU3Zi1iNTNlLTNmYThmOTRkZWNiZiIsIm9yaWdpbiI6IklCTWlkIiwidXNlcl9uYW1lIjoiS3J6eXN6dG9mLlJhZmFsc2tpQHBsLmlibS5jb20iLCJlbWFpbCI6ImtyenlzenRvZi5yYWZhbHNraUBwbC5pYm0uY29tIiwiYXV0aF90aW1lIjoxNjAzMzAzMzgwLCJpYXQiOjE2MDMzMDMzODAsImV4cCI6MTYwMzMwNjk4MCwiaXNzIjoiaHR0cHM6Ly91YWEubmcuYmx1ZW1peC5uZXQvb2F1dGgvdG9rZW4iLCJ6aWQiOiJ1YWEiLCJhdWQiOlsiY2xvdWRfY29udHJvbGxlciIsInBhc3N3b3JkIiwiY2YiLCJ1YWEiLCJvcGVuaWQiLCJuZXR3b3JrIl0sImlhbV9pZCI6IklCTWlkLTA2MDAwMDRTQjUifQ.DuQIJdEylBUMHASQu41DzCPVfvKmrc8fK72jAfdUmlg",
            "uaa_refresh_token": "eyJhbGciOiJIUzI1NiIsImprdSI6Imh0dHBzOi8vdWFhLmV1LWdiLmNmLmNsb3VkLmlibS5jb20vdG9rZW5fa2V5cyIsImtpZCI6ImtleS0yIiwidHlwIjoiSldUIn0.eyJqdGkiOiIzNjMyN2Y0ZjliZDE0Y2FmYWY0NDNlOWE5ZmZjODQ3NC1yIiwic3ViIjoiYzE4MzNkZjMtZTliMy00NTdmLWI1M2UtM2ZhOGY5NGRlY2JmIiwiaWF0IjoxNjAzMzAzMzgwLCJleHAiOjE2MDM5MDgxODAsImNpZCI6ImNmIiwiY2xpZW50X2lkIjoiY2YiLCJpc3MiOiJodHRwczovL3VhYS5uZy5ibHVlbWl4Lm5ldC9vYXV0aC90b2tlbiIsInppZCI6InVhYSIsImF1ZCI6WyJjbG91ZF9jb250cm9sbGVyIiwicGFzc3dvcmQiLCJjZiIsInVhYSIsIm9wZW5pZCIsIm5ldHdvcmsiXSwiZ3JhbnRlZF9zY29wZXMiOlsib3BlbmlkIiwibmV0d29yay53cml0ZSIsInVhYS51c2VyIiwiY2xvdWRfY29udHJvbGxlci5yZWFkIiwicGFzc3dvcmQud3JpdGUiLCJjbG91ZF9jb250cm9sbGVyLndyaXRlIiwibmV0d29yay5hZG1pbiJdLCJhdXRoX3RpbWUiOjE2MDMzMDMzODAsImdyYW50X3R5cGUiOiJwYXNzd29yZCIsInVzZXJfbmFtZSI6IktyenlzenRvZi5SYWZhbHNraUBwbC5pYm0uY29tIiwib3JpZ2luIjoiSUJNaWQiLCJ1c2VyX2lkIjoiYzE4MzNkZjMtZTliMy00NTdmLWI1M2UtM2ZhOGY5NGRlY2JmIiwicmV2X3NpZyI6IjQ0MjVmMjM0In0.akgnGZN5wkEsxWwZeDzREyoPVt8tKlMH5eYjS853NSU"
          }
        }
      ]
    },
    {
      "mode": "data",
      "type": "ibm_is_subnet",
      "name": "subnet",
      "each": "list",
      "provider": "provider.ibm",
      "instances": [
        {
          "index_key": 0,
          "schema_version": 0,
          "attributes": {
            "available_ipv4_address_count": null,
            "id": "0787-d2f7acd7-7fe3-4a99-8fe8-5e3685a5766e",
            "identifier": "0787-d2f7acd7-7fe3-4a99-8fe8-5e3685a5766e",
            "ipv4_cidr_block": "10.10.0.0/24",
            "ipv6_cidr_block": null,
            "name": "thanos-iks-mzr-subnet-1",
            "network_acl": "r018-55d1deea-73df-47a9-aea4-a73fb3b1e76b",
            "public_gateway": "r018-0664892b-8963-447e-9009-040568e6b4af",
            "resource_controller_url": "https://cloud.ibm.com/vpc-ext/network/subnets",
            "resource_crn": "crn:v1:bluemix:public:is:eu-gb-1:a/cb632836143fe71e993e7c61d042c960::subnet:0787-d2f7acd7-7fe3-4a99-8fe8-5e3685a5766e",
            "resource_group": "a64a7dd7908345fa9b4d7fda3d4d6703",
            "resource_group_name": "default",
            "resource_name": "thanos-iks-mzr-subnet-1",
            "resource_status": "available",
            "status": "available",
            "total_ipv4_address_count": 256,
            "vpc": "r018-ebf033ff-ff75-4aff-beb2-9fa672beb1b7",
            "zone": "eu-gb-1"
          }
        },
        {
          "index_key": 1,
          "schema_version": 0,
          "attributes": {
            "available_ipv4_address_count": null,
            "id": "0787-d2f7acd7-7fe3-4a99-8fe8-5e3685a5766e",
            "identifier": "0787-d2f7acd7-7fe3-4a99-8fe8-5e3685a5766e",
            "ipv4_cidr_block": "10.10.0.0/24",
            "ipv6_cidr_block": null,
            "name": "thanos-iks-mzr-subnet-1",
            "network_acl": "r018-55d1deea-73df-47a9-aea4-a73fb3b1e76b",
            "public_gateway": "r018-0664892b-8963-447e-9009-040568e6b4af",
            "resource_controller_url": "https://cloud.ibm.com/vpc-ext/network/subnets",
            "resource_crn": "crn:v1:bluemix:public:is:eu-gb-1:a/cb632836143fe71e993e7c61d042c960::subnet:0787-d2f7acd7-7fe3-4a99-8fe8-5e3685a5766e",
            "resource_group": "a64a7dd7908345fa9b4d7fda3d4d6703",
            "resource_group_name": "default",
            "resource_name": "thanos-iks-mzr-subnet-1",
            "resource_status": "available",
            "status": "available",
            "total_ipv4_address_count": 256,
            "vpc": "r018-ebf033ff-ff75-4aff-beb2-9fa672beb1b7",
            "zone": "eu-gb-1"
          }
        },
        {
          "index_key": 2,
          "schema_version": 0,
          "attributes": {
            "available_ipv4_address_count": null,
            "id": "07a7-0fabb086-fc93-4f01-a67b-b738137ecf19",
            "identifier": "07a7-0fabb086-fc93-4f01-a67b-b738137ecf19",
            "ipv4_cidr_block": "10.20.30.0/24",
            "ipv6_cidr_block": null,
            "name": "thanos-iks-mzr-subnet-3",
            "network_acl": "r018-55d1deea-73df-47a9-aea4-a73fb3b1e76b",
            "public_gateway": "r018-8e9d6605-c710-41ad-93eb-5264f25c8ef3",
            "resource_controller_url": "https://cloud.ibm.com/vpc-ext/network/subnets",
            "resource_crn": "crn:v1:bluemix:public:is:eu-gb-3:a/cb632836143fe71e993e7c61d042c960::subnet:07a7-0fabb086-fc93-4f01-a67b-b738137ecf19",
            "resource_group": "a64a7dd7908345fa9b4d7fda3d4d6703",
            "resource_group_name": "default",
            "resource_name": "thanos-iks-mzr-subnet-3",
            "resource_status": "available",
            "status": "available",
            "total_ipv4_address_count": 256,
            "vpc": "r018-ebf033ff-ff75-4aff-beb2-9fa672beb1b7",
            "zone": "eu-gb-3"
          }
        },
        {
          "index_key": 3,
          "schema_version": 0,
          "attributes": {
            "available_ipv4_address_count": null,
            "id": "07a7-0fabb086-fc93-4f01-a67b-b738137ecf19",
            "identifier": "07a7-0fabb086-fc93-4f01-a67b-b738137ecf19",
            "ipv4_cidr_block": "10.20.30.0/24",
            "ipv6_cidr_block": null,
            "name": "thanos-iks-mzr-subnet-3",
            "network_acl": "r018-55d1deea-73df-47a9-aea4-a73fb3b1e76b",
            "public_gateway": "r018-8e9d6605-c710-41ad-93eb-5264f25c8ef3",
            "resource_controller_url": "https://cloud.ibm.com/vpc-ext/network/subnets",
            "resource_crn": "crn:v1:bluemix:public:is:eu-gb-3:a/cb632836143fe71e993e7c61d042c960::subnet:07a7-0fabb086-fc93-4f01-a67b-b738137ecf19",
            "resource_group": "a64a7dd7908345fa9b4d7fda3d4d6703",
            "resource_group_name": "default",
            "resource_name": "thanos-iks-mzr-subnet-3",
            "resource_status": "available",
            "status": "available",
            "total_ipv4_address_count": 256,
            "vpc": "r018-ebf033ff-ff75-4aff-beb2-9fa672beb1b7",
            "zone": "eu-gb-3"
          }
        },
        {
          "index_key": 4,
          "schema_version": 0,
          "attributes": {
            "available_ipv4_address_count": null,
            "id": "0797-0b8900d8-133f-4f12-9f73-681dc8f130bd",
            "identifier": "0797-0b8900d8-133f-4f12-9f73-681dc8f130bd",
            "ipv4_cidr_block": "10.10.20.0/24",
            "ipv6_cidr_block": null,
            "name": "thanos-iks-mzr-subnet-2",
            "network_acl": "r018-55d1deea-73df-47a9-aea4-a73fb3b1e76b",
            "public_gateway": "r018-95246547-0c81-4e94-9bdd-f6de0cb9e081",
            "resource_controller_url": "https://cloud.ibm.com/vpc-ext/network/subnets",
            "resource_crn": "crn:v1:bluemix:public:is:eu-gb-2:a/cb632836143fe71e993e7c61d042c960::subnet:0797-0b8900d8-133f-4f12-9f73-681dc8f130bd",
            "resource_group": "a64a7dd7908345fa9b4d7fda3d4d6703",
            "resource_group_name": "default",
            "resource_name": "thanos-iks-mzr-subnet-2",
            "resource_status": "available",
            "status": "available",
            "total_ipv4_address_count": 256,
            "vpc": "r018-ebf033ff-ff75-4aff-beb2-9fa672beb1b7",
            "zone": "eu-gb-2"
          }
        },
        {
          "index_key": 5,
          "schema_version": 0,
          "attributes": {
            "available_ipv4_address_count": null,
            "id": "0797-0b8900d8-133f-4f12-9f73-681dc8f130bd",
            "identifier": "0797-0b8900d8-133f-4f12-9f73-681dc8f130bd",
            "ipv4_cidr_block": "10.10.20.0/24",
            "ipv6_cidr_block": null,
            "name": "thanos-iks-mzr-subnet-2",
            "network_acl": "r018-55d1deea-73df-47a9-aea4-a73fb3b1e76b",
            "public_gateway": "r018-95246547-0c81-4e94-9bdd-f6de0cb9e081",
            "resource_controller_url": "https://cloud.ibm.com/vpc-ext/network/subnets",
            "resource_crn": "crn:v1:bluemix:public:is:eu-gb-2:a/cb632836143fe71e993e7c61d042c960::subnet:0797-0b8900d8-133f-4f12-9f73-681dc8f130bd",
            "resource_group": "a64a7dd7908345fa9b4d7fda3d4d6703",
            "resource_group_name": "default",
            "resource_name": "thanos-iks-mzr-subnet-2",
            "resource_status": "available",
            "status": "available",
            "total_ipv4_address_count": 256,
            "vpc": "r018-ebf033ff-ff75-4aff-beb2-9fa672beb1b7",
            "zone": "eu-gb-2"
          }
        }
      ]
    },
    {
      "mode": "data",
      "type": "ibm_resource_group",
      "name": "group",
      "provider": "provider.ibm",
      "instances": [
        {
          "schema_version": 0,
          "attributes": {
            "id": "5fb03165e7fa4eff8553b3d268641858",
            "is_default": null,
            "name": "sharedrg"
          }
        }
      ]
    },
    {
      "mode": "data",
      "type": "kubernetes_secret",
      "name": "image_pull_secret",
      "provider": "provider.kubernetes",
      "instances": [
        {
          "schema_version": 0,
          "attributes": {
            "data": {
              ".dockerconfigjson": "{ \"auths\": { \"icr.io\": { \"auth\": \"aWFtYXBpa2V5OjJPVndBZnBZbi1RcFFmWk5lZ2czMjVHUW5qMllfdjIyVFZmbzJZWnZTZGpp\", \"username\": \"iamapikey\", \"email\": \"iamapikey\", \"password\": \"2OVwAfpYn-QpQfZNegg325GQnj2Y_v22TVfo2YZvSdji\" },\"us.icr.io\": { \"auth\": \"aWFtYXBpa2V5OjJPVndBZnBZbi1RcFFmWk5lZ2czMjVHUW5qMllfdjIyVFZmbzJZWnZTZGpp\", \"username\": \"iamapikey\", \"email\": \"iamapikey\", \"password\": \"2OVwAfpYn-QpQfZNegg325GQnj2Y_v22TVfo2YZvSdji\" },\"uk.icr.io\": { \"auth\": \"aWFtYXBpa2V5OjJPVndBZnBZbi1RcFFmWk5lZ2czMjVHUW5qMllfdjIyVFZmbzJZWnZTZGpp\", \"username\": \"iamapikey\", \"email\": \"iamapikey\", \"password\": \"2OVwAfpYn-QpQfZNegg325GQnj2Y_v22TVfo2YZvSdji\" },\"de.icr.io\": { \"auth\": \"aWFtYXBpa2V5OjJPVndBZnBZbi1RcFFmWk5lZ2czMjVHUW5qMllfdjIyVFZmbzJZWnZTZGpp\", \"username\": \"iamapikey\", \"email\": \"iamapikey\", \"password\": \"2OVwAfpYn-QpQfZNegg325GQnj2Y_v22TVfo2YZvSdji\" },\"au.icr.io\": { \"auth\": \"aWFtYXBpa2V5OjJPVndBZnBZbi1RcFFmWk5lZ2czMjVHUW5qMllfdjIyVFZmbzJZWnZTZGpp\", \"username\": \"iamapikey\", \"email\": \"iamapikey\", \"password\": \"2OVwAfpYn-QpQfZNegg325GQnj2Y_v22TVfo2YZvSdji\" },\"jp.icr.io\": { \"auth\": \"aWFtYXBpa2V5OjJPVndBZnBZbi1RcFFmWk5lZ2czMjVHUW5qMllfdjIyVFZmbzJZWnZTZGpp\", \"username\": \"iamapikey\", \"email\": \"iamapikey\", \"password\": \"2OVwAfpYn-QpQfZNegg325GQnj2Y_v22TVfo2YZvSdji\" },\"private.icr.io\": { \"auth\": \"aWFtYXBpa2V5OjJPVndBZnBZbi1RcFFmWk5lZ2czMjVHUW5qMllfdjIyVFZmbzJZWnZTZGpp\", \"username\": \"iamapikey\", \"email\": \"iamapikey\", \"password\": \"2OVwAfpYn-QpQfZNegg325GQnj2Y_v22TVfo2YZvSdji\" },\"private.us.icr.io\": { \"auth\": \"aWFtYXBpa2V5OjJPVndBZnBZbi1RcFFmWk5lZ2czMjVHUW5qMllfdjIyVFZmbzJZWnZTZGpp\", \"username\": \"iamapikey\", \"email\": \"iamapikey\", \"password\": \"2OVwAfpYn-QpQfZNegg325GQnj2Y_v22TVfo2YZvSdji\" },\"private.uk.icr.io\": { \"auth\": \"aWFtYXBpa2V5OjJPVndBZnBZbi1RcFFmWk5lZ2czMjVHUW5qMllfdjIyVFZmbzJZWnZTZGpp\", \"username\": \"iamapikey\", \"email\": \"iamapikey\", \"password\": \"2OVwAfpYn-QpQfZNegg325GQnj2Y_v22TVfo2YZvSdji\" },\"private.de.icr.io\": { \"auth\": \"aWFtYXBpa2V5OjJPVndBZnBZbi1RcFFmWk5lZ2czMjVHUW5qMllfdjIyVFZmbzJZWnZTZGpp\", \"username\": \"iamapikey\", \"email\": \"iamapikey\", \"password\": \"2OVwAfpYn-QpQfZNegg325GQnj2Y_v22TVfo2YZvSdji\" },\"private.au.icr.io\": { \"auth\": \"aWFtYXBpa2V5OjJPVndBZnBZbi1RcFFmWk5lZ2czMjVHUW5qMllfdjIyVFZmbzJZWnZTZGpp\", \"username\": \"iamapikey\", \"email\": \"iamapikey\", \"password\": \"2OVwAfpYn-QpQfZNegg325GQnj2Y_v22TVfo2YZvSdji\" },\"private.jp.icr.io\": { \"auth\": \"aWFtYXBpa2V5OjJPVndBZnBZbi1RcFFmWk5lZ2czMjVHUW5qMllfdjIyVFZmbzJZWnZTZGpp\", \"username\": \"iamapikey\", \"email\": \"iamapikey\", \"password\": \"2OVwAfpYn-QpQfZNegg325GQnj2Y_v22TVfo2YZvSdji\" },\"br.icr.io\": { \"auth\": \"aWFtYXBpa2V5OjJPVndBZnBZbi1RcFFmWk5lZ2czMjVHUW5qMllfdjIyVFZmbzJZWnZTZGpp\", \"username\": \"iamapikey\", \"email\": \"iamapikey\", \"password\": \"2OVwAfpYn-QpQfZNegg325GQnj2Y_v22TVfo2YZvSdji\" },\"private.br.icr.io\": { \"auth\": \"aWFtYXBpa2V5OjJPVndBZnBZbi1RcFFmWk5lZ2czMjVHUW5qMllfdjIyVFZmbzJZWnZTZGpp\", \"username\": \"iamapikey\", \"email\": \"iamapikey\", \"password\": \"2OVwAfpYn-QpQfZNegg325GQnj2Y_v22TVfo2YZvSdji\" },\"ca.icr.io\": { \"auth\": \"aWFtYXBpa2V5OjJPVndBZnBZbi1RcFFmWk5lZ2czMjVHUW5qMllfdjIyVFZmbzJZWnZTZGpp\", \"username\": \"iamapikey\", \"email\": \"iamapikey\", \"password\": \"2OVwAfpYn-QpQfZNegg325GQnj2Y_v22TVfo2YZvSdji\" },\"private.ca.icr.io\": { \"auth\": \"aWFtYXBpa2V5OjJPVndBZnBZbi1RcFFmWk5lZ2czMjVHUW5qMllfdjIyVFZmbzJZWnZTZGpp\", \"username\": \"iamapikey\", \"email\": \"iamapikey\", \"password\": \"2OVwAfpYn-QpQfZNegg325GQnj2Y_v22TVfo2YZvSdji\" },\"fr2.icr.io\": { \"auth\": \"aWFtYXBpa2V5OjJPVndBZnBZbi1RcFFmWk5lZ2czMjVHUW5qMllfdjIyVFZmbzJZWnZTZGpp\", \"username\": \"iamapikey\", \"email\": \"iamapikey\", \"password\": \"2OVwAfpYn-QpQfZNegg325GQnj2Y_v22TVfo2YZvSdji\" },\"private.fr2.icr.io\": { \"auth\": \"aWFtYXBpa2V5OjJPVndBZnBZbi1RcFFmWk5lZ2czMjVHUW5qMllfdjIyVFZmbzJZWnZTZGpp\", \"username\": \"iamapikey\", \"email\": \"iamapikey\", \"password\": \"2OVwAfpYn-QpQfZNegg325GQnj2Y_v22TVfo2YZvSdji\" }}}\n"
            },
            "id": "default/all-icr-io",
            "metadata": [
              {
                "annotations": {},
                "generation": 0,
                "labels": {},
                "name": "all-icr-io",
                "namespace": "default",
                "resource_version": "352",
                "self_link": "/api/v1/namespaces/default/secrets/all-icr-io",
                "uid": "693e08d4-36ba-46cf-88a5-a850297ff116"
              }
            ],
            "type": "kubernetes.io/dockerconfigjson"
          }
        }
      ]
    },
    {
      "mode": "managed",
      "type": "ibm_is_volume",
      "name": "volume",
      "each": "list",
      "provider": "provider.ibm",
      "instances": [
        {
          "index_key": 0,
          "schema_version": 0,
          "attributes": {
            "capacity": 100,
            "crn": "crn:v1:bluemix:public:is:eu-gb-1:a/cb632836143fe71e993e7c61d042c960::volume:r018-d0a41793-438a-4626-b978-0b0228a7224a",
            "encryption_key": null,
            "id": "r018-d0a41793-438a-4626-b978-0b0228a7224a",
            "iops": 3000,
            "name": "vol-worker-00000149",
            "profile": "10iops-tier",
            "resource_controller_url": "https://cloud.ibm.com/vpc-ext/storage/storageVolumes",
            "resource_crn": "crn:v1:bluemix:public:is:eu-gb-1:a/cb632836143fe71e993e7c61d042c960::volume:r018-d0a41793-438a-4626-b978-0b0228a7224a",
            "resource_group": "5fb03165e7fa4eff8553b3d268641858",
            "resource_group_name": "sharedrg",
            "resource_name": "vol-worker-00000149",
            "resource_status": "available",
            "status": "available",
            "tags": [],
            "timeouts": null,
            "zone": "eu-gb-1"
          },
          "private": "eyJlMmJmYjczMC1lY2FhLTExZTYtOGY4OC0zNDM2M2JjN2M0YzAiOnsiY3JlYXRlIjo2MDAwMDAwMDAwMDAsImRlbGV0ZSI6NjAwMDAwMDAwMDAwfX0="
        },
        {
          "index_key": 1,
          "schema_version": 0,
          "attributes": {
            "capacity": 100,
            "crn": "crn:v1:bluemix:public:is:eu-gb-1:a/cb632836143fe71e993e7c61d042c960::volume:r018-410e5db6-1f13-46c8-906f-18c48b5db00e",
            "encryption_key": null,
            "id": "r018-410e5db6-1f13-46c8-906f-18c48b5db00e",
            "iops": 3000,
            "name": "vol-worker-00000221",
            "profile": "10iops-tier",
            "resource_controller_url": "https://cloud.ibm.com/vpc-ext/storage/storageVolumes",
            "resource_crn": "crn:v1:bluemix:public:is:eu-gb-1:a/cb632836143fe71e993e7c61d042c960::volume:r018-410e5db6-1f13-46c8-906f-18c48b5db00e",
            "resource_group": "5fb03165e7fa4eff8553b3d268641858",
            "resource_group_name": "sharedrg",
            "resource_name": "vol-worker-00000221",
            "resource_status": "available",
            "status": "available",
            "tags": [],
            "timeouts": null,
            "zone": "eu-gb-1"
          },
          "private": "eyJlMmJmYjczMC1lY2FhLTExZTYtOGY4OC0zNDM2M2JjN2M0YzAiOnsiY3JlYXRlIjo2MDAwMDAwMDAwMDAsImRlbGV0ZSI6NjAwMDAwMDAwMDAwfX0="
        },
        {
          "index_key": 2,
          "schema_version": 0,
          "attributes": {
            "capacity": 100,
            "crn": "crn:v1:bluemix:public:is:eu-gb-3:a/cb632836143fe71e993e7c61d042c960::volume:r018-c85cfc31-041b-4956-b4f9-8b75b2f7e154",
            "encryption_key": null,
            "id": "r018-c85cfc31-041b-4956-b4f9-8b75b2f7e154",
            "iops": 3000,
            "name": "vol-worker-000003a9",
            "profile": "10iops-tier",
            "resource_controller_url": "https://cloud.ibm.com/vpc-ext/storage/storageVolumes",
            "resource_crn": "crn:v1:bluemix:public:is:eu-gb-3:a/cb632836143fe71e993e7c61d042c960::volume:r018-c85cfc31-041b-4956-b4f9-8b75b2f7e154",
            "resource_group": "5fb03165e7fa4eff8553b3d268641858",
            "resource_group_name": "sharedrg",
            "resource_name": "vol-worker-000003a9",
            "resource_status": "available",
            "status": "available",
            "tags": [],
            "timeouts": null,
            "zone": "eu-gb-3"
          },
          "private": "eyJlMmJmYjczMC1lY2FhLTExZTYtOGY4OC0zNDM2M2JjN2M0YzAiOnsiY3JlYXRlIjo2MDAwMDAwMDAwMDAsImRlbGV0ZSI6NjAwMDAwMDAwMDAwfX0="
        },
        {
          "index_key": 3,
          "schema_version": 0,
          "attributes": {
            "capacity": 100,
            "crn": "crn:v1:bluemix:public:is:eu-gb-3:a/cb632836143fe71e993e7c61d042c960::volume:r018-037276c0-b7c0-4690-8d38-c020e2026e21",
            "encryption_key": null,
            "id": "r018-037276c0-b7c0-4690-8d38-c020e2026e21",
            "iops": 3000,
            "name": "vol-worker-00000483",
            "profile": "10iops-tier",
            "resource_controller_url": "https://cloud.ibm.com/vpc-ext/storage/storageVolumes",
            "resource_crn": "crn:v1:bluemix:public:is:eu-gb-3:a/cb632836143fe71e993e7c61d042c960::volume:r018-037276c0-b7c0-4690-8d38-c020e2026e21",
            "resource_group": "5fb03165e7fa4eff8553b3d268641858",
            "resource_group_name": "sharedrg",
            "resource_name": "vol-worker-00000483",
            "resource_status": "available",
            "status": "available",
            "tags": [],
            "timeouts": null,
            "zone": "eu-gb-3"
          },
          "private": "eyJlMmJmYjczMC1lY2FhLTExZTYtOGY4OC0zNDM2M2JjN2M0YzAiOnsiY3JlYXRlIjo2MDAwMDAwMDAwMDAsImRlbGV0ZSI6NjAwMDAwMDAwMDAwfX0="
        },
        {
          "index_key": 4,
          "schema_version": 0,
          "attributes": {
            "capacity": 100,
            "crn": "crn:v1:bluemix:public:is:eu-gb-2:a/cb632836143fe71e993e7c61d042c960::volume:r018-519276ef-dac6-4560-ae59-893ff14aeb15",
            "encryption_key": null,
            "id": "r018-519276ef-dac6-4560-ae59-893ff14aeb15",
            "iops": 3000,
            "name": "vol-worker-00000592",
            "profile": "10iops-tier",
            "resource_controller_url": "https://cloud.ibm.com/vpc-ext/storage/storageVolumes",
            "resource_crn": "crn:v1:bluemix:public:is:eu-gb-2:a/cb632836143fe71e993e7c61d042c960::volume:r018-519276ef-dac6-4560-ae59-893ff14aeb15",
            "resource_group": "5fb03165e7fa4eff8553b3d268641858",
            "resource_group_name": "sharedrg",
            "resource_name": "vol-worker-00000592",
            "resource_status": "available",
            "status": "available",
            "tags": [],
            "timeouts": null,
            "zone": "eu-gb-2"
          },
          "private": "eyJlMmJmYjczMC1lY2FhLTExZTYtOGY4OC0zNDM2M2JjN2M0YzAiOnsiY3JlYXRlIjo2MDAwMDAwMDAwMDAsImRlbGV0ZSI6NjAwMDAwMDAwMDAwfX0="
        },
        {
          "index_key": 5,
          "schema_version": 0,
          "attributes": {
            "capacity": 100,
            "crn": "crn:v1:bluemix:public:is:eu-gb-2:a/cb632836143fe71e993e7c61d042c960::volume:r018-1d7c0c58-643d-4864-a10a-eb3153fec89a",
            "encryption_key": null,
            "id": "r018-1d7c0c58-643d-4864-a10a-eb3153fec89a",
            "iops": 3000,
            "name": "vol-worker-0000065c",
            "profile": "10iops-tier",
            "resource_controller_url": "https://cloud.ibm.com/vpc-ext/storage/storageVolumes",
            "resource_crn": "crn:v1:bluemix:public:is:eu-gb-2:a/cb632836143fe71e993e7c61d042c960::volume:r018-1d7c0c58-643d-4864-a10a-eb3153fec89a",
            "resource_group": "5fb03165e7fa4eff8553b3d268641858",
            "resource_group_name": "sharedrg",
            "resource_name": "vol-worker-0000065c",
            "resource_status": "available",
            "status": "available",
            "tags": [],
            "timeouts": null,
            "zone": "eu-gb-2"
          },
          "private": "eyJlMmJmYjczMC1lY2FhLTExZTYtOGY4OC0zNDM2M2JjN2M0YzAiOnsiY3JlYXRlIjo2MDAwMDAwMDAwMDAsImRlbGV0ZSI6NjAwMDAwMDAwMDAwfX0="
        }
      ]
    },
    {
      "mode": "managed",
      "type": "ibm_resource_instance",
      "name": "portworx",
      "provider": "provider.ibm",
      "instances": [
        {
          "schema_version": 0,
          "attributes": {
            "crn": "crn:v1:bluemix:public:portworx:eu-gb:a/cb632836143fe71e993e7c61d042c960:f01f96e4-a5e4-4c93-9725-014c90424890::",
            "dashboard_url": "",
            "extensions": {},
            "guid": "f01f96e4-a5e4-4c93-9725-014c90424890",
            "id": "crn:v1:bluemix:public:portworx:eu-gb:a/cb632836143fe71e993e7c61d042c960:f01f96e4-a5e4-4c93-9725-014c90424890::",
            "location": "eu-gb",
            "name": "thanos-iks-mzr-portworx",
            "parameters": {
              "apikey": "UVmfjoboT9FrhQ-_TzDMcASR9EOiq4KpIlgMDsL8-wFu",
              "cluster_name": "thanos-iks-mzr-cluster",
              "clusters": "thanos-iks-mzr-cluster",
              "internal_kvdb": "internal",
              "secret_type": "k8s"
            },
            "plan": "px-enterprise",
            "resource_controller_url": "https://cloud.ibm.com/services/",
            "resource_crn": "crn:v1:bluemix:public:portworx:eu-gb:a/cb632836143fe71e993e7c61d042c960:f01f96e4-a5e4-4c93-9725-014c90424890::",
            "resource_group_id": "5fb03165e7fa4eff8553b3d268641858",
            "resource_group_name": "",
            "resource_name": "thanos-iks-mzr-portworx",
            "resource_status": "active",
            "service": "portworx",
            "service_endpoints": null,
            "status": "active",
            "tags": [
              "clusterid:bu86f6kl0nncepg3oh3g"
            ],
            "timeouts": null
          },
          "private": "eyJlMmJmYjczMC1lY2FhLTExZTYtOGY4OC0zNDM2M2JjN2M0YzAiOnsiY3JlYXRlIjo2MDAwMDAwMDAwMDAsImRlbGV0ZSI6NjAwMDAwMDAwMDAwLCJ1cGRhdGUiOjYwMDAwMDAwMDAwMH19",
          "dependencies": [
            "ibm_is_volume.volume",
            "kubernetes_cluster_role_binding.default",
            "kubernetes_secret.copy_image_pull_secret",
            "null_resource.update_image_pull_secrets",
            "null_resource.volume_attachment"
          ]
        }
      ]
    },
    {
      "mode": "managed",
      "type": "kubernetes_cluster_role_binding",
      "name": "default",
      "provider": "provider.kubernetes",
      "instances": [
        {
          "schema_version": 0,
          "attributes": {
            "id": "default-cluster-rule",
            "metadata": [
              {
                "annotations": null,
                "generation": 0,
                "labels": null,
                "name": "default-cluster-rule",
                "resource_version": "12822",
                "self_link": "/apis/rbac.authorization.k8s.io/v1/clusterrolebindings/default-cluster-rule",
                "uid": "0a3175e0-47ec-4a2e-a065-2d7369cc3ac2"
              }
            ],
            "role_ref": [
              {
                "api_group": "rbac.authorization.k8s.io",
                "kind": "ClusterRole",
                "name": "cluster-admin"
              }
            ],
            "subject": [
              {
                "api_group": "",
                "kind": "ServiceAccount",
                "name": "default",
                "namespace": "kube-system"
              },
              {
                "api_group": "",
                "kind": "ServiceAccount",
                "name": "default",
                "namespace": "kube-system"
              }
            ]
          },
          "private": "bnVsbA==",
          "dependencies": [
            "kubernetes_secret.copy_image_pull_secret",
            "null_resource.update_image_pull_secrets"
          ]
        }
      ]
    },
    {
      "mode": "managed",
      "type": "kubernetes_persistent_volume_claim",
      "name": "example",
      "provider": "provider.kubernetes",
      "instances": [
        {
          "schema_version": 0,
          "attributes": {
            "id": "default/thanos-iks-mzr-example-pvc",
            "metadata": [
              {
                "annotations": null,
                "generate_name": "",
                "generation": 0,
                "labels": null,
                "name": "thanos-iks-mzr-example-pvc",
                "namespace": "default",
                "resource_version": "15765",
                "self_link": "/api/v1/namespaces/default/persistentvolumeclaims/thanos-iks-mzr-example-pvc",
                "uid": "74e8405d-ad25-4522-a6c4-b88eaa0188e8"
              }
            ],
            "spec": [
              {
                "access_modes": [
                  "ReadWriteOnce"
                ],
                "resources": [
                  {
                    "limits": null,
                    "requests": {
                      "storage": "10Gi"
                    }
                  }
                ],
                "selector": [],
                "storage_class_name": "portworx-shared-sc",
                "volume_name": "pvc-74e8405d-ad25-4522-a6c4-b88eaa0188e8"
              }
            ],
            "timeouts": null,
            "wait_until_bound": true
          },
          "private": "eyJlMmJmYjczMC1lY2FhLTExZTYtOGY4OC0zNDM2M2JjN2M0YzAiOnsiY3JlYXRlIjozMDAwMDAwMDAwMDB9fQ==",
          "dependencies": [
            "ibm_is_volume.volume",
            "ibm_resource_instance.portworx",
            "kubernetes_cluster_role_binding.default",
            "kubernetes_secret.copy_image_pull_secret",
            "null_resource.update_image_pull_secrets",
            "null_resource.volume_attachment"
          ]
        }
      ]
    },
    {
      "mode": "managed",
      "type": "kubernetes_secret",
      "name": "copy_image_pull_secret",
      "provider": "provider.kubernetes",
      "instances": [
        {
          "schema_version": 0,
          "attributes": {
            "data": {
              ".dockerconfigjson": "{ \"auths\": { \"icr.io\": { \"auth\": \"aWFtYXBpa2V5OjJPVndBZnBZbi1RcFFmWk5lZ2czMjVHUW5qMllfdjIyVFZmbzJZWnZTZGpp\", \"username\": \"iamapikey\", \"email\": \"iamapikey\", \"password\": \"2OVwAfpYn-QpQfZNegg325GQnj2Y_v22TVfo2YZvSdji\" },\"us.icr.io\": { \"auth\": \"aWFtYXBpa2V5OjJPVndBZnBZbi1RcFFmWk5lZ2czMjVHUW5qMllfdjIyVFZmbzJZWnZTZGpp\", \"username\": \"iamapikey\", \"email\": \"iamapikey\", \"password\": \"2OVwAfpYn-QpQfZNegg325GQnj2Y_v22TVfo2YZvSdji\" },\"uk.icr.io\": { \"auth\": \"aWFtYXBpa2V5OjJPVndBZnBZbi1RcFFmWk5lZ2czMjVHUW5qMllfdjIyVFZmbzJZWnZTZGpp\", \"username\": \"iamapikey\", \"email\": \"iamapikey\", \"password\": \"2OVwAfpYn-QpQfZNegg325GQnj2Y_v22TVfo2YZvSdji\" },\"de.icr.io\": { \"auth\": \"aWFtYXBpa2V5OjJPVndBZnBZbi1RcFFmWk5lZ2czMjVHUW5qMllfdjIyVFZmbzJZWnZTZGpp\", \"username\": \"iamapikey\", \"email\": \"iamapikey\", \"password\": \"2OVwAfpYn-QpQfZNegg325GQnj2Y_v22TVfo2YZvSdji\" },\"au.icr.io\": { \"auth\": \"aWFtYXBpa2V5OjJPVndBZnBZbi1RcFFmWk5lZ2czMjVHUW5qMllfdjIyVFZmbzJZWnZTZGpp\", \"username\": \"iamapikey\", \"email\": \"iamapikey\", \"password\": \"2OVwAfpYn-QpQfZNegg325GQnj2Y_v22TVfo2YZvSdji\" },\"jp.icr.io\": { \"auth\": \"aWFtYXBpa2V5OjJPVndBZnBZbi1RcFFmWk5lZ2czMjVHUW5qMllfdjIyVFZmbzJZWnZTZGpp\", \"username\": \"iamapikey\", \"email\": \"iamapikey\", \"password\": \"2OVwAfpYn-QpQfZNegg325GQnj2Y_v22TVfo2YZvSdji\" },\"private.icr.io\": { \"auth\": \"aWFtYXBpa2V5OjJPVndBZnBZbi1RcFFmWk5lZ2czMjVHUW5qMllfdjIyVFZmbzJZWnZTZGpp\", \"username\": \"iamapikey\", \"email\": \"iamapikey\", \"password\": \"2OVwAfpYn-QpQfZNegg325GQnj2Y_v22TVfo2YZvSdji\" },\"private.us.icr.io\": { \"auth\": \"aWFtYXBpa2V5OjJPVndBZnBZbi1RcFFmWk5lZ2czMjVHUW5qMllfdjIyVFZmbzJZWnZTZGpp\", \"username\": \"iamapikey\", \"email\": \"iamapikey\", \"password\": \"2OVwAfpYn-QpQfZNegg325GQnj2Y_v22TVfo2YZvSdji\" },\"private.uk.icr.io\": { \"auth\": \"aWFtYXBpa2V5OjJPVndBZnBZbi1RcFFmWk5lZ2czMjVHUW5qMllfdjIyVFZmbzJZWnZTZGpp\", \"username\": \"iamapikey\", \"email\": \"iamapikey\", \"password\": \"2OVwAfpYn-QpQfZNegg325GQnj2Y_v22TVfo2YZvSdji\" },\"private.de.icr.io\": { \"auth\": \"aWFtYXBpa2V5OjJPVndBZnBZbi1RcFFmWk5lZ2czMjVHUW5qMllfdjIyVFZmbzJZWnZTZGpp\", \"username\": \"iamapikey\", \"email\": \"iamapikey\", \"password\": \"2OVwAfpYn-QpQfZNegg325GQnj2Y_v22TVfo2YZvSdji\" },\"private.au.icr.io\": { \"auth\": \"aWFtYXBpa2V5OjJPVndBZnBZbi1RcFFmWk5lZ2czMjVHUW5qMllfdjIyVFZmbzJZWnZTZGpp\", \"username\": \"iamapikey\", \"email\": \"iamapikey\", \"password\": \"2OVwAfpYn-QpQfZNegg325GQnj2Y_v22TVfo2YZvSdji\" },\"private.jp.icr.io\": { \"auth\": \"aWFtYXBpa2V5OjJPVndBZnBZbi1RcFFmWk5lZ2czMjVHUW5qMllfdjIyVFZmbzJZWnZTZGpp\", \"username\": \"iamapikey\", \"email\": \"iamapikey\", \"password\": \"2OVwAfpYn-QpQfZNegg325GQnj2Y_v22TVfo2YZvSdji\" },\"br.icr.io\": { \"auth\": \"aWFtYXBpa2V5OjJPVndBZnBZbi1RcFFmWk5lZ2czMjVHUW5qMllfdjIyVFZmbzJZWnZTZGpp\", \"username\": \"iamapikey\", \"email\": \"iamapikey\", \"password\": \"2OVwAfpYn-QpQfZNegg325GQnj2Y_v22TVfo2YZvSdji\" },\"private.br.icr.io\": { \"auth\": \"aWFtYXBpa2V5OjJPVndBZnBZbi1RcFFmWk5lZ2czMjVHUW5qMllfdjIyVFZmbzJZWnZTZGpp\", \"username\": \"iamapikey\", \"email\": \"iamapikey\", \"password\": \"2OVwAfpYn-QpQfZNegg325GQnj2Y_v22TVfo2YZvSdji\" },\"ca.icr.io\": { \"auth\": \"aWFtYXBpa2V5OjJPVndBZnBZbi1RcFFmWk5lZ2czMjVHUW5qMllfdjIyVFZmbzJZWnZTZGpp\", \"username\": \"iamapikey\", \"email\": \"iamapikey\", \"password\": \"2OVwAfpYn-QpQfZNegg325GQnj2Y_v22TVfo2YZvSdji\" },\"private.ca.icr.io\": { \"auth\": \"aWFtYXBpa2V5OjJPVndBZnBZbi1RcFFmWk5lZ2czMjVHUW5qMllfdjIyVFZmbzJZWnZTZGpp\", \"username\": \"iamapikey\", \"email\": \"iamapikey\", \"password\": \"2OVwAfpYn-QpQfZNegg325GQnj2Y_v22TVfo2YZvSdji\" },\"fr2.icr.io\": { \"auth\": \"aWFtYXBpa2V5OjJPVndBZnBZbi1RcFFmWk5lZ2czMjVHUW5qMllfdjIyVFZmbzJZWnZTZGpp\", \"username\": \"iamapikey\", \"email\": \"iamapikey\", \"password\": \"2OVwAfpYn-QpQfZNegg325GQnj2Y_v22TVfo2YZvSdji\" },\"private.fr2.icr.io\": { \"auth\": \"aWFtYXBpa2V5OjJPVndBZnBZbi1RcFFmWk5lZ2czMjVHUW5qMllfdjIyVFZmbzJZWnZTZGpp\", \"username\": \"iamapikey\", \"email\": \"iamapikey\", \"password\": \"2OVwAfpYn-QpQfZNegg325GQnj2Y_v22TVfo2YZvSdji\" }}}\n"
            },
            "id": "kube-system/kube-system-icr-io",
            "metadata": [
              {
                "annotations": null,
                "generate_name": "",
                "generation": 0,
                "labels": null,
                "name": "kube-system-icr-io",
                "namespace": "kube-system",
                "resource_version": "12810",
                "self_link": "/api/v1/namespaces/kube-system/secrets/kube-system-icr-io",
                "uid": "2044e12d-8513-4cb4-b93b-ba2f41571b7b"
              }
            ],
            "type": "kubernetes.io/dockerconfigjson"
          },
          "private": "bnVsbA=="
        }
      ]
    },
    {
      "mode": "managed",
      "type": "null_resource",
      "name": "deployment",
      "provider": "provider.null",
      "instances": [
        {
          "schema_version": 0,
          "attributes": {
            "id": "5643454147113542234",
            "triggers": {
              "deployment_label": "thanos-iks-mzr",
              "file_path": "/portworxDir",
              "image_name": "test"
            }
          },
          "private": "bnVsbA==",
          "dependencies": [
            "ibm_is_volume.volume",
            "ibm_resource_instance.portworx",
            "kubernetes_cluster_role_binding.default",
            "kubernetes_persistent_volume_claim.example",
            "kubernetes_secret.copy_image_pull_secret",
            "null_resource.update_image_pull_secrets",
            "null_resource.volume_attachment"
          ]
        }
      ]
    },
    {
      "mode": "managed",
      "type": "null_resource",
      "name": "update_image_pull_secrets",
      "provider": "provider.null",
      "instances": [
        {
          "schema_version": 0,
          "attributes": {
            "id": "3943278463572776165",
            "triggers": null
          },
          "private": "bnVsbA==",
          "dependencies": [
            "kubernetes_secret.copy_image_pull_secret"
          ]
        }
      ]
    },
    {
      "mode": "managed",
      "type": "null_resource",
      "name": "volume_attachment",
      "each": "list",
      "provider": "provider.null",
      "instances": [
        {
          "index_key": 0,
          "schema_version": 0,
          "attributes": {
            "id": "5060359685326567994",
            "triggers": null
          },
          "private": "bnVsbA==",
          "dependencies": [
            "ibm_is_volume.volume"
          ]
        },
        {
          "index_key": 1,
          "schema_version": 0,
          "attributes": {
            "id": "2977930828811527175",
            "triggers": null
          },
          "private": "bnVsbA==",
          "dependencies": [
            "ibm_is_volume.volume"
          ]
        },
        {
          "index_key": 2,
          "schema_version": 0,
          "attributes": {
            "id": "8649943255927301946",
            "triggers": null
          },
          "private": "bnVsbA==",
          "dependencies": [
            "ibm_is_volume.volume"
          ]
        },
        {
          "index_key": 3,
          "schema_version": 0,
          "attributes": {
            "id": "6182189339330719682",
            "triggers": null
          },
          "private": "bnVsbA==",
          "dependencies": [
            "ibm_is_volume.volume"
          ]
        },
        {
          "index_key": 4,
          "schema_version": 0,
          "attributes": {
            "id": "6360404413450001349",
            "triggers": null
          },
          "private": "bnVsbA==",
          "dependencies": [
            "ibm_is_volume.volume"
          ]
        },
        {
          "index_key": 5,
          "schema_version": 0,
          "attributes": {
            "id": "5629979900345398944",
            "triggers": null
          },
          "private": "bnVsbA==",
          "dependencies": [
            "ibm_is_volume.volume"
          ]
        }
      ]
    }
  ]
}
